[[dependencies]]
name = "forge-std"
version = "1.9.3"
url = "https://soldeer-revisions.s3.amazonaws.com/forge-std/1_9_3_30-09-2024_08:27:09_forge-std-1.9.zip"
checksum = "351b6f9cde3d9476cc07e48c1bca6b7fd93fa16dd9b450e5ad5d169d1dbd5938"
integrity = "d53734fbd7201cd9e44de730ae045ed8958dd2c7b9493c30b322f6e6c21ca8b2"
